
Microsoft Visual Studio Solution File, Format Version 12.00
# Visual Studio Version 17
VisualStudioVersion = 17.0.31903.59
MinimumVisualStudioVersion = 10.0.40219.1
Project("{FAE04EC0-301F-11D3-BF4B-00C04F79EFBC}") = "API", "API\API.csproj", "{4227C5CF-BF07-4A3C-ADC6-86CC06A12F1D}"
EndProject
Project("{FAE04EC0-301F-11D3-BF4B-00C04F79EFBC}") = "Core", "Core\Core.csproj", "{CAD3B688-F462-4E97-ABDC-917887BB4609}"
EndProject
Project("{FAE04EC0-301F-11D3-BF4B-00C04F79EFBC}") = "Infrastructure", "Infrastructure\Infrastructure.csproj", "{39A34381-B985-486E-9E3D-BA5AF9E20D99}"
EndProject
Global
	GlobalSection(SolutionConfigurationPlatforms) = preSolution
		Debug|Any CPU = Debug|Any CPU
		Release|Any CPU = Release|Any CPU
	EndGlobalSection
	GlobalSection(ProjectConfigurationPlatforms) = postSolution
		{4227C5CF-BF07-4A3C-ADC6-86CC06A12F1D}.Debug|Any CPU.ActiveCfg = Debug|Any CPU
		{4227C5CF-BF07-4A3C-ADC6-86CC06A12F1D}.Debug|Any CPU.Build.0 = Debug|Any CPU
		{4227C5CF-BF07-4A3C-ADC6-86CC06A12F1D}.Release|Any CPU.ActiveCfg = Release|Any CPU
		{4227C5CF-BF07-4A3C-ADC6-86CC06A12F1D}.Release|Any CPU.Build.0 = Release|Any CPU
		{CAD3B688-F462-4E97-ABDC-917887BB4609}.Debug|Any CPU.ActiveCfg = Debug|Any CPU
		{CAD3B688-F462-4E97-ABDC-917887BB4609}.Debug|Any CPU.Build.0 = Debug|Any CPU
		{CAD3B688-F462-4E97-ABDC-917887BB4609}.Release|Any CPU.ActiveCfg = Release|Any CPU
		{CAD3B688-F462-4E97-ABDC-917887BB4609}.Release|Any CPU.Build.0 = Release|Any CPU
		{39A34381-B985-486E-9E3D-BA5AF9E20D99}.Debug|Any CPU.ActiveCfg = Debug|Any CPU
		{39A34381-B985-486E-9E3D-BA5AF9E20D99}.Debug|Any CPU.Build.0 = Debug|Any CPU
		{39A34381-B985-486E-9E3D-BA5AF9E20D99}.Release|Any CPU.ActiveCfg = Release|Any CPU
		{39A34381-B985-486E-9E3D-BA5AF9E20D99}.Release|Any CPU.Build.0 = Release|Any CPU
	EndGlobalSection
	GlobalSection(SolutionProperties) = preSolution
		HideSolutionNode = FALSE
	EndGlobalSection
EndGlobal
